
Microsoft Visual Studio Solution File, Format Version 12.00
# Visual Studio Version 17
VisualStudioVersion = 17.10.34916.146
MinimumVisualStudioVersion = 10.0.40219.1
Project("{FAE04EC0-301F-11D3-BF4B-00C04F79EFBC}") = "Cloud_Inspector", "Cloud_Inspector.csproj", "{B19E82A8-A652-48F2-9FAA-317903D9E3FF}"
EndProject
Global
	GlobalSection(SolutionConfigurationPlatforms) = preSolution
		Debug|Any CPU = Debug|Any CPU
		Release|Any CPU = Release|Any CPU
	EndGlobalSection
	GlobalSection(ProjectConfigurationPlatforms) = postSolution
		{B19E82A8-A652-48F2-9FAA-317903D9E3FF}.Debug|Any CPU.ActiveCfg = Debug|Any CPU
		{B19E82A8-A652-48F2-9FAA-317903D9E3FF}.Debug|Any CPU.Build.0 = Debug|Any CPU
		{B19E82A8-A652-48F2-9FAA-317903D9E3FF}.Release|Any CPU.ActiveCfg = Release|Any CPU
		{B19E82A8-A652-48F2-9FAA-317903D9E3FF}.Release|Any CPU.Build.0 = Release|Any CPU
	EndGlobalSection
	GlobalSection(SolutionProperties) = preSolution
		HideSolutionNode = FALSE
	EndGlobalSection
	GlobalSection(ExtensibilityGlobals) = postSolution
		SolutionGuid = {1E64C284-A7D8-4724-A396-CC187BCAFE50}
	EndGlobalSection
EndGlobal
