
Microsoft Visual Studio Solution File, Format Version 12.00
# Visual Studio Version 17
VisualStudioVersion = 17.10.34916.146
MinimumVisualStudioVersion = 10.0.40219.1
Project("{2150E333-8FDC-42A3-9474-1A3956D46DE8}") = "PresentationLayer", "PresentationLayer", "{CE5FF6D9-9C5E-4AA8-B0D3-499BD3CFDE65}"
EndProject
Project("{2150E333-8FDC-42A3-9474-1A3956D46DE8}") = "BusinessLogicLayer", "BusinessLogicLayer", "{362741DA-8054-4D47-BA3A-97967DB8ECAE}"
EndProject
Project("{2150E333-8FDC-42A3-9474-1A3956D46DE8}") = "DataAccessLayer", "DataAccessLayer", "{A2AF4525-D580-4F9B-9397-3976586D2C64}"
EndProject
Project("{2150E333-8FDC-42A3-9474-1A3956D46DE8}") = "DataLayer", "DataLayer", "{103E0EE5-8964-40CF-A783-B5855A54907F}"
EndProject
Project("{2150E333-8FDC-42A3-9474-1A3956D46DE8}") = "DataBase", "DataBase", "{12414FCA-51E8-4EAD-907B-EC40EAAB9208}"
EndProject
Project("{2150E333-8FDC-42A3-9474-1A3956D46DE8}") = "CSV", "CSV", "{7B4F39F0-048C-47B5-ADE9-B112554CF0BB}"
EndProject
Project("{2150E333-8FDC-42A3-9474-1A3956D46DE8}") = "UMS", "UMS", "{966D4D16-615A-46BC-B477-C6841334CEC7}"
EndProject
Project("{2150E333-8FDC-42A3-9474-1A3956D46DE8}") = "ConsoleApplication", "ConsoleApplication", "{B21E1947-5D2F-45E7-970A-D94A53A4F94D}"
EndProject
Project("{2150E333-8FDC-42A3-9474-1A3956D46DE8}") = "WPF", "WPF", "{5C6B062E-D1C8-4E3A-878D-8734844F9176}"
EndProject
Project("{FAE04EC0-301F-11D3-BF4B-00C04F79EFBC}") = "UMS.ConsoleApplication", "UMS.ConsoleApplication\UMS.ConsoleApplication.csproj", "{162AFED7-4A5D-4C9D-9383-50EAD7BFA1EA}"
EndProject
Project("{2150E333-8FDC-42A3-9474-1A3956D46DE8}") = "BusinessObjects", "BusinessObjects", "{A332C1CF-AB64-49F4-A227-56E4C1C96999}"
EndProject
Project("{2150E333-8FDC-42A3-9474-1A3956D46DE8}") = "UMS", "UMS", "{D5F3F7FE-3535-43A3-9E65-88E2AF066F4D}"
EndProject
Project("{FAE04EC0-301F-11D3-BF4B-00C04F79EFBC}") = "UMS.Models", "UMS.Models\UMS.Models.csproj", "{22F07D25-40FE-456C-9631-7CBA6B047216}"
EndProject
Project("{FAE04EC0-301F-11D3-BF4B-00C04F79EFBC}") = "UMS.Models.Shared", "UMS.Models.Shared\UMS.Models.Shared.csproj", "{CE07240D-EE5E-4B1A-9F79-935D9A4CB115}"
EndProject
Project("{2150E333-8FDC-42A3-9474-1A3956D46DE8}") = "Shared", "Shared", "{9B76CBEF-8DED-4530-89DF-3BFB5121916A}"
EndProject
Project("{2150E333-8FDC-42A3-9474-1A3956D46DE8}") = "UMS", "UMS", "{BC4E80E3-DA67-49A8-9993-012DB49969D8}"
EndProject
Project("{2150E333-8FDC-42A3-9474-1A3956D46DE8}") = "Shared", "Shared", "{09F80764-B399-41C5-9DB8-2F65A5D4EC8E}"
EndProject
Project("{FAE04EC0-301F-11D3-BF4B-00C04F79EFBC}") = "UMS.DAL.Shared", "UMS.DAL.Shared\UMS.DAL.Shared.csproj", "{244B5E6D-5433-449E-880A-C4684F8561D3}"
EndProject
Project("{FAE04EC0-301F-11D3-BF4B-00C04F79EFBC}") = "UMS.DAL", "UMS.DAL\UMS.DAL.csproj", "{78536D1B-BB1E-4A38-B45C-06F89EBAFBE6}"
EndProject
Project("{2150E333-8FDC-42A3-9474-1A3956D46DE8}") = "UMS", "UMS", "{14E6FC6F-B3D9-45E1-8893-10FD6F9DABD5}"
EndProject
Project("{2150E333-8FDC-42A3-9474-1A3956D46DE8}") = "Shared", "Shared", "{07071F20-D19D-44FD-8187-35B2F8F731F9}"
EndProject
Project("{FAE04EC0-301F-11D3-BF4B-00C04F79EFBC}") = "UMS.BLL.Shared", "UMS.BLL.Shared\UMS.BLL.Shared.csproj", "{302E57B5-338D-4171-8F06-2DB963251DF9}"
EndProject
Global
	GlobalSection(SolutionConfigurationPlatforms) = preSolution
		Debug|Any CPU = Debug|Any CPU
		Release|Any CPU = Release|Any CPU
	EndGlobalSection
	GlobalSection(ProjectConfigurationPlatforms) = postSolution
		{162AFED7-4A5D-4C9D-9383-50EAD7BFA1EA}.Debug|Any CPU.ActiveCfg = Debug|Any CPU
		{162AFED7-4A5D-4C9D-9383-50EAD7BFA1EA}.Debug|Any CPU.Build.0 = Debug|Any CPU
		{162AFED7-4A5D-4C9D-9383-50EAD7BFA1EA}.Release|Any CPU.ActiveCfg = Release|Any CPU
		{162AFED7-4A5D-4C9D-9383-50EAD7BFA1EA}.Release|Any CPU.Build.0 = Release|Any CPU
		{22F07D25-40FE-456C-9631-7CBA6B047216}.Debug|Any CPU.ActiveCfg = Debug|Any CPU
		{22F07D25-40FE-456C-9631-7CBA6B047216}.Debug|Any CPU.Build.0 = Debug|Any CPU
		{22F07D25-40FE-456C-9631-7CBA6B047216}.Release|Any CPU.ActiveCfg = Release|Any CPU
		{22F07D25-40FE-456C-9631-7CBA6B047216}.Release|Any CPU.Build.0 = Release|Any CPU
		{CE07240D-EE5E-4B1A-9F79-935D9A4CB115}.Debug|Any CPU.ActiveCfg = Debug|Any CPU
		{CE07240D-EE5E-4B1A-9F79-935D9A4CB115}.Debug|Any CPU.Build.0 = Debug|Any CPU
		{CE07240D-EE5E-4B1A-9F79-935D9A4CB115}.Release|Any CPU.ActiveCfg = Release|Any CPU
		{CE07240D-EE5E-4B1A-9F79-935D9A4CB115}.Release|Any CPU.Build.0 = Release|Any CPU
		{244B5E6D-5433-449E-880A-C4684F8561D3}.Debug|Any CPU.ActiveCfg = Debug|Any CPU
		{244B5E6D-5433-449E-880A-C4684F8561D3}.Debug|Any CPU.Build.0 = Debug|Any CPU
		{244B5E6D-5433-449E-880A-C4684F8561D3}.Release|Any CPU.ActiveCfg = Release|Any CPU
		{244B5E6D-5433-449E-880A-C4684F8561D3}.Release|Any CPU.Build.0 = Release|Any CPU
		{78536D1B-BB1E-4A38-B45C-06F89EBAFBE6}.Debug|Any CPU.ActiveCfg = Debug|Any CPU
		{78536D1B-BB1E-4A38-B45C-06F89EBAFBE6}.Debug|Any CPU.Build.0 = Debug|Any CPU
		{78536D1B-BB1E-4A38-B45C-06F89EBAFBE6}.Release|Any CPU.ActiveCfg = Release|Any CPU
		{78536D1B-BB1E-4A38-B45C-06F89EBAFBE6}.Release|Any CPU.Build.0 = Release|Any CPU
		{302E57B5-338D-4171-8F06-2DB963251DF9}.Debug|Any CPU.ActiveCfg = Debug|Any CPU
		{302E57B5-338D-4171-8F06-2DB963251DF9}.Debug|Any CPU.Build.0 = Debug|Any CPU
		{302E57B5-338D-4171-8F06-2DB963251DF9}.Release|Any CPU.ActiveCfg = Release|Any CPU
		{302E57B5-338D-4171-8F06-2DB963251DF9}.Release|Any CPU.Build.0 = Release|Any CPU
	EndGlobalSection
	GlobalSection(SolutionProperties) = preSolution
		HideSolutionNode = FALSE
	EndGlobalSection
	GlobalSection(NestedProjects) = preSolution
		{12414FCA-51E8-4EAD-907B-EC40EAAB9208} = {103E0EE5-8964-40CF-A783-B5855A54907F}
		{7B4F39F0-048C-47B5-ADE9-B112554CF0BB} = {103E0EE5-8964-40CF-A783-B5855A54907F}
		{966D4D16-615A-46BC-B477-C6841334CEC7} = {CE5FF6D9-9C5E-4AA8-B0D3-499BD3CFDE65}
		{B21E1947-5D2F-45E7-970A-D94A53A4F94D} = {966D4D16-615A-46BC-B477-C6841334CEC7}
		{5C6B062E-D1C8-4E3A-878D-8734844F9176} = {966D4D16-615A-46BC-B477-C6841334CEC7}
		{162AFED7-4A5D-4C9D-9383-50EAD7BFA1EA} = {B21E1947-5D2F-45E7-970A-D94A53A4F94D}
		{D5F3F7FE-3535-43A3-9E65-88E2AF066F4D} = {A332C1CF-AB64-49F4-A227-56E4C1C96999}
		{22F07D25-40FE-456C-9631-7CBA6B047216} = {D5F3F7FE-3535-43A3-9E65-88E2AF066F4D}
		{CE07240D-EE5E-4B1A-9F79-935D9A4CB115} = {9B76CBEF-8DED-4530-89DF-3BFB5121916A}
		{9B76CBEF-8DED-4530-89DF-3BFB5121916A} = {D5F3F7FE-3535-43A3-9E65-88E2AF066F4D}
		{BC4E80E3-DA67-49A8-9993-012DB49969D8} = {A2AF4525-D580-4F9B-9397-3976586D2C64}
		{09F80764-B399-41C5-9DB8-2F65A5D4EC8E} = {BC4E80E3-DA67-49A8-9993-012DB49969D8}
		{244B5E6D-5433-449E-880A-C4684F8561D3} = {09F80764-B399-41C5-9DB8-2F65A5D4EC8E}
		{78536D1B-BB1E-4A38-B45C-06F89EBAFBE6} = {BC4E80E3-DA67-49A8-9993-012DB49969D8}
		{14E6FC6F-B3D9-45E1-8893-10FD6F9DABD5} = {362741DA-8054-4D47-BA3A-97967DB8ECAE}
		{07071F20-D19D-44FD-8187-35B2F8F731F9} = {14E6FC6F-B3D9-45E1-8893-10FD6F9DABD5}
		{302E57B5-338D-4171-8F06-2DB963251DF9} = {07071F20-D19D-44FD-8187-35B2F8F731F9}
	EndGlobalSection
	GlobalSection(ExtensibilityGlobals) = postSolution
		SolutionGuid = {792D9017-4B02-4936-8B15-BF7608EAAB3E}
	EndGlobalSection
EndGlobal
